
Microsoft Visual Studio Solution File, Format Version 12.00
# Visual Studio Version 16
VisualStudioVersion = 16.0.30907.101
MinimumVisualStudioVersion = 10.0.40219.1
Project("{9A19103F-16F7-4668-BE54-9A1E7A4F7556}") = "FrontEnd", "ACC\FrontEnd.csproj", "{6856B0BF-8107-4BF7-AFAB-D3811E86A735}"
EndProject
Project("{2150E333-8FDC-42A3-9474-1A3956D46DE8}") = "Catalogs", "Catalogs", "{7B29D159-1CC0-4FA0-9DB7-47F30C6416EC}"
EndProject
Project("{9A19103F-16F7-4668-BE54-9A1E7A4F7556}") = "Catalogs.API", "ACC.Catalog\Catalogs.API.csproj", "{CB04B251-5D33-493B-B681-1903374465B2}"
EndProject
Project("{2150E333-8FDC-42A3-9474-1A3956D46DE8}") = "Reporting", "Reporting", "{6E044789-8786-492D-8BB0-66F188EA98A0}"
EndProject
Project("{9A19103F-16F7-4668-BE54-9A1E7A4F7556}") = "Reporting.API", "Reporting.API\Reporting.API.csproj", "{874B5AC0-76F1-4ADB-AA72-5554C4A0A16F}"
EndProject
Project("{2150E333-8FDC-42A3-9474-1A3956D46DE8}") = "Data", "Data", "{9C4FAE32-C4A4-413F-AE5C-9227CED0F878}"
EndProject
Project("{9A19103F-16F7-4668-BE54-9A1E7A4F7556}") = "Data.API", "Data.API\Data.API.csproj", "{D9B100D6-7E7D-44ED-B2C4-398026FCD3CA}"
EndProject
Project("{2150E333-8FDC-42A3-9474-1A3956D46DE8}") = "Common", "Common", "{82EFA3D6-5EE6-454D-8EA1-B76B7C6780F2}"
EndProject
Project("{9A19103F-16F7-4668-BE54-9A1E7A4F7556}") = "Common.Application", "Common.Application\Common.Application.csproj", "{FDA22EDB-E3C1-47E6-8E36-B53E80EA4436}"
EndProject
Project("{FAE04EC0-301F-11D3-BF4B-00C04F79EFBC}") = "Catalogs.Client", "Catalogs.Client\Catalogs.Client.csproj", "{9F00AACC-BE49-441E-8717-96F2A9271E57}"
EndProject
Project("{FAE04EC0-301F-11D3-BF4B-00C04F79EFBC}") = "Data.Client", "Data.Client\Data.Client.csproj", "{B3850175-FEFA-4691-B48A-3F651DA7FFAA}"
EndProject
Global
	GlobalSection(SolutionConfigurationPlatforms) = preSolution
		Debug|Any CPU = Debug|Any CPU
		Release|Any CPU = Release|Any CPU
	EndGlobalSection
	GlobalSection(ProjectConfigurationPlatforms) = postSolution
		{6856B0BF-8107-4BF7-AFAB-D3811E86A735}.Debug|Any CPU.ActiveCfg = Debug|Any CPU
		{6856B0BF-8107-4BF7-AFAB-D3811E86A735}.Debug|Any CPU.Build.0 = Debug|Any CPU
		{6856B0BF-8107-4BF7-AFAB-D3811E86A735}.Release|Any CPU.ActiveCfg = Release|Any CPU
		{6856B0BF-8107-4BF7-AFAB-D3811E86A735}.Release|Any CPU.Build.0 = Release|Any CPU
		{CB04B251-5D33-493B-B681-1903374465B2}.Debug|Any CPU.ActiveCfg = Debug|Any CPU
		{CB04B251-5D33-493B-B681-1903374465B2}.Debug|Any CPU.Build.0 = Debug|Any CPU
		{CB04B251-5D33-493B-B681-1903374465B2}.Release|Any CPU.ActiveCfg = Release|Any CPU
		{CB04B251-5D33-493B-B681-1903374465B2}.Release|Any CPU.Build.0 = Release|Any CPU
		{874B5AC0-76F1-4ADB-AA72-5554C4A0A16F}.Debug|Any CPU.ActiveCfg = Debug|Any CPU
		{874B5AC0-76F1-4ADB-AA72-5554C4A0A16F}.Debug|Any CPU.Build.0 = Debug|Any CPU
		{874B5AC0-76F1-4ADB-AA72-5554C4A0A16F}.Release|Any CPU.ActiveCfg = Release|Any CPU
		{874B5AC0-76F1-4ADB-AA72-5554C4A0A16F}.Release|Any CPU.Build.0 = Release|Any CPU
		{D9B100D6-7E7D-44ED-B2C4-398026FCD3CA}.Debug|Any CPU.ActiveCfg = Debug|Any CPU
		{D9B100D6-7E7D-44ED-B2C4-398026FCD3CA}.Debug|Any CPU.Build.0 = Debug|Any CPU
		{D9B100D6-7E7D-44ED-B2C4-398026FCD3CA}.Release|Any CPU.ActiveCfg = Release|Any CPU
		{D9B100D6-7E7D-44ED-B2C4-398026FCD3CA}.Release|Any CPU.Build.0 = Release|Any CPU
		{FDA22EDB-E3C1-47E6-8E36-B53E80EA4436}.Debug|Any CPU.ActiveCfg = Debug|Any CPU
		{FDA22EDB-E3C1-47E6-8E36-B53E80EA4436}.Debug|Any CPU.Build.0 = Debug|Any CPU
		{FDA22EDB-E3C1-47E6-8E36-B53E80EA4436}.Release|Any CPU.ActiveCfg = Release|Any CPU
		{FDA22EDB-E3C1-47E6-8E36-B53E80EA4436}.Release|Any CPU.Build.0 = Release|Any CPU
		{9F00AACC-BE49-441E-8717-96F2A9271E57}.Debug|Any CPU.ActiveCfg = Debug|Any CPU
		{9F00AACC-BE49-441E-8717-96F2A9271E57}.Debug|Any CPU.Build.0 = Debug|Any CPU
		{9F00AACC-BE49-441E-8717-96F2A9271E57}.Release|Any CPU.ActiveCfg = Release|Any CPU
		{9F00AACC-BE49-441E-8717-96F2A9271E57}.Release|Any CPU.Build.0 = Release|Any CPU
		{B3850175-FEFA-4691-B48A-3F651DA7FFAA}.Debug|Any CPU.ActiveCfg = Debug|Any CPU
		{B3850175-FEFA-4691-B48A-3F651DA7FFAA}.Debug|Any CPU.Build.0 = Debug|Any CPU
		{B3850175-FEFA-4691-B48A-3F651DA7FFAA}.Release|Any CPU.ActiveCfg = Release|Any CPU
		{B3850175-FEFA-4691-B48A-3F651DA7FFAA}.Release|Any CPU.Build.0 = Release|Any CPU
	EndGlobalSection
	GlobalSection(SolutionProperties) = preSolution
		HideSolutionNode = FALSE
	EndGlobalSection
	GlobalSection(NestedProjects) = preSolution
		{CB04B251-5D33-493B-B681-1903374465B2} = {7B29D159-1CC0-4FA0-9DB7-47F30C6416EC}
		{874B5AC0-76F1-4ADB-AA72-5554C4A0A16F} = {6E044789-8786-492D-8BB0-66F188EA98A0}
		{D9B100D6-7E7D-44ED-B2C4-398026FCD3CA} = {9C4FAE32-C4A4-413F-AE5C-9227CED0F878}
		{FDA22EDB-E3C1-47E6-8E36-B53E80EA4436} = {82EFA3D6-5EE6-454D-8EA1-B76B7C6780F2}
		{9F00AACC-BE49-441E-8717-96F2A9271E57} = {7B29D159-1CC0-4FA0-9DB7-47F30C6416EC}
		{B3850175-FEFA-4691-B48A-3F651DA7FFAA} = {9C4FAE32-C4A4-413F-AE5C-9227CED0F878}
	EndGlobalSection
	GlobalSection(ExtensibilityGlobals) = postSolution
		SolutionGuid = {B00007D5-A11A-4E9A-BD3B-512DB6974C62}
	EndGlobalSection
EndGlobal
